{
  "name": "zmath-test",
  "version": "1.0.0",
  "lockfileVersion": 3,
  "requires": true,
  "packages": {
    "": {
      "name": "zmath-test",
      "version": "1.0.0",
      "license": "ISC",
      "dependencies": {
        "@tdurica/zmath": "^1.0.0"
      }
    },
    "node_modules/@tdurica/zmath": {
      "version": "1.0.0",
      "resolved": "https://registry.npmjs.org/@tdurica/zmath/-/zmath-1.0.0.tgz",
      "integrity": "sha512-7iSastqIAo5yZNjCtlNmLEYwNYRRdUdA/N98m6kfsOTxeOmQw2j04VkSKCfXdeE/5Ak7eMlSzY1Za43q669atg==",
      "engines": {
        "node": ">=16.0.0",
        "npm": ">=7.0.0"
      }
    }
  }
}
